
Microsoft Visual Studio Solution File, Format Version 12.00
# Visual Studio 15
VisualStudioVersion = 15.0.28307.1778
MinimumVisualStudioVersion = 10.0.40219.1
Project("{8BC9CEB8-8B4A-11D0-8D11-00A0C91BC942}") = "QtandLeisai", "QtandLeisai\QtandLeisai.vcxproj", "{7491E067-EAFD-44A3-881B-A2AA2F2C2FCD}"
EndProject
Global
	GlobalSection(SolutionConfigurationPlatforms) = preSolution
		Debug|x86 = Debug|x86
		Release|x86 = Release|x86
	EndGlobalSection
	GlobalSection(ProjectConfigurationPlatforms) = postSolution
		{7491E067-EAFD-44A3-881B-A2AA2F2C2FCD}.Debug|x86.ActiveCfg = Debug|Win32
		{7491E067-EAFD-44A3-881B-A2AA2F2C2FCD}.Debug|x86.Build.0 = Debug|Win32
		{7491E067-EAFD-44A3-881B-A2AA2F2C2FCD}.Release|x86.ActiveCfg = Release|Win32
		{7491E067-EAFD-44A3-881B-A2AA2F2C2FCD}.Release|x86.Build.0 = Release|Win32
	EndGlobalSection
	GlobalSection(SolutionProperties) = preSolution
		HideSolutionNode = FALSE
	EndGlobalSection
	GlobalSection(ExtensibilityGlobals) = postSolution
		SolutionGuid = {5B5F7992-F29C-49A4-9920-BFDE536F53B7}
	EndGlobalSection
EndGlobal
